// !$*UTF8*$!
{
	archiveVersion = 1;
	classes = {
	};
	objectVersion = 51;
	objects = {

/* Begin PBXBuildFile section */
		040D598B2397FDD5002B5FA4 /* AppDelegate.swift in Sources */ = {isa = PBXBuildFile; fileRef = 040D598A2397FDD5002B5FA4 /* AppDelegate.swift */; };
		040D59952397FDD5002B5FA4 /* FurnitureAR.xcdatamodeld in Sources */ = {isa = PBXBuildFile; fileRef = 040D59932397FDD5002B5FA4 /* FurnitureAR.xcdatamodeld */; };
		040D59972397FDD6002B5FA4 /* Assets.xcassets in Resources */ = {isa = PBXBuildFile; fileRef = 040D59962397FDD6002B5FA4 /* Assets.xcassets */; };
		040D599A2397FDD6002B5FA4 /* LaunchScreen.storyboard in Resources */ = {isa = PBXBuildFile; fileRef = 040D59982397FDD6002B5FA4 /* LaunchScreen.storyboard */; };
		040D59A52397FDD6002B5FA4 /* FurnitureARTests.swift in Sources */ = {isa = PBXBuildFile; fileRef = 040D59A42397FDD6002B5FA4 /* FurnitureARTests.swift */; };
		040D59B02397FDD6002B5FA4 /* FurnitureARUITests.swift in Sources */ = {isa = PBXBuildFile; fileRef = 040D59AF2397FDD6002B5FA4 /* FurnitureARUITests.swift */; };
		045E9434239ACBE4005441D6 /* Collection+HasElements.swift in Sources */ = {isa = PBXBuildFile; fileRef = 045E9433239ACBE4005441D6 /* Collection+HasElements.swift */; };
		045E9437239AD7CE005441D6 /* Float4x4+Translation.swift in Sources */ = {isa = PBXBuildFile; fileRef = 045E9436239AD7CE005441D6 /* Float4x4+Translation.swift */; };
		045E9439239AD80C005441D6 /* CGPoint+Vector.swift in Sources */ = {isa = PBXBuildFile; fileRef = 045E9438239AD80C005441D6 /* CGPoint+Vector.swift */; };
		045E943F239AD909005441D6 /* UIGestureRecognizer+Center.swift in Sources */ = {isa = PBXBuildFile; fileRef = 045E943E239AD909005441D6 /* UIGestureRecognizer+Center.swift */; };
		045E9443239ADAA1005441D6 /* Furniture.storyboard in Resources */ = {isa = PBXBuildFile; fileRef = 045E9442239ADAA1005441D6 /* Furniture.storyboard */; };
		045E9445239ADB5E005441D6 /* FurnitureListViewController.swift in Sources */ = {isa = PBXBuildFile; fileRef = 045E9444239ADB5E005441D6 /* FurnitureListViewController.swift */; };
		045E9448239AE3B3005441D6 /* Firestore.swift in Sources */ = {isa = PBXBuildFile; fileRef = 045E9447239AE3B3005441D6 /* Firestore.swift */; };
		045E944B239AE496005441D6 /* FurnitureService.swift in Sources */ = {isa = PBXBuildFile; fileRef = 045E944A239AE496005441D6 /* FurnitureService.swift */; };
		045E944D239AEE19005441D6 /* Furniture.swift in Sources */ = {isa = PBXBuildFile; fileRef = 045E944C239AEE19005441D6 /* Furniture.swift */; };
		045E944F239AF2AC005441D6 /* FurnitureListTableView.swift in Sources */ = {isa = PBXBuildFile; fileRef = 045E944E239AF2AC005441D6 /* FurnitureListTableView.swift */; };
		045E9453239AF4AB005441D6 /* CellReuseHelper.swift in Sources */ = {isa = PBXBuildFile; fileRef = 045E9452239AF4AB005441D6 /* CellReuseHelper.swift */; };
		045E9455239AF4B4005441D6 /* LoadingImageView.swift in Sources */ = {isa = PBXBuildFile; fileRef = 045E9454239AF4B4005441D6 /* LoadingImageView.swift */; };
		045E9457239AF7DA005441D6 /* Array+LastElementIndex.swift in Sources */ = {isa = PBXBuildFile; fileRef = 045E9456239AF7DA005441D6 /* Array+LastElementIndex.swift */; };
		045E9459239AFB07005441D6 /* FurnitureTableViewCell.swift in Sources */ = {isa = PBXBuildFile; fileRef = 045E9458239AFB07005441D6 /* FurnitureTableViewCell.swift */; };
		045E945B239AFB16005441D6 /* FurnitureTableViewCell.xib in Resources */ = {isa = PBXBuildFile; fileRef = 045E945A239AFB16005441D6 /* FurnitureTableViewCell.xib */; };
		04A80AC32399B6D1005A36E3 /* Models.scnassets in Resources */ = {isa = PBXBuildFile; fileRef = 04A80AC22399B6D1005A36E3 /* Models.scnassets */; };
		04A80AC52399B76E005A36E3 /* AR.storyboard in Resources */ = {isa = PBXBuildFile; fileRef = 04A80AC42399B76E005A36E3 /* AR.storyboard */; };
		04A80ACF2399B7B9005A36E3 /* ARViewController+ARSCNViewDelegate.swift in Sources */ = {isa = PBXBuildFile; fileRef = 04A80AC72399B7B8005A36E3 /* ARViewController+ARSCNViewDelegate.swift */; };
		04A80AD02399B7B9005A36E3 /* ThresholdPanGesture.swift in Sources */ = {isa = PBXBuildFile; fileRef = 04A80AC82399B7B8005A36E3 /* ThresholdPanGesture.swift */; };
		04A80AD12399B7B9005A36E3 /* ARViewController+CoachingOverlay.swift in Sources */ = {isa = PBXBuildFile; fileRef = 04A80AC92399B7B8005A36E3 /* ARViewController+CoachingOverlay.swift */; };
		04A80AD22399B7B9005A36E3 /* ARViewController+Actions.swift in Sources */ = {isa = PBXBuildFile; fileRef = 04A80ACA2399B7B8005A36E3 /* ARViewController+Actions.swift */; };
		04A80AD32399B7B9005A36E3 /* ARViewController+ObjectSelection.swift in Sources */ = {isa = PBXBuildFile; fileRef = 04A80ACB2399B7B8005A36E3 /* ARViewController+ObjectSelection.swift */; };
		04A80AD42399B7B9005A36E3 /* VirtualObjectARView.swift in Sources */ = {isa = PBXBuildFile; fileRef = 04A80ACC2399B7B9005A36E3 /* VirtualObjectARView.swift */; };
		04A80AD52399B7B9005A36E3 /* ARViewController.swift in Sources */ = {isa = PBXBuildFile; fileRef = 04A80ACD2399B7B9005A36E3 /* ARViewController.swift */; };
		04A80AD62399B7B9005A36E3 /* VirtualObjectInteraction.swift in Sources */ = {isa = PBXBuildFile; fileRef = 04A80ACE2399B7B9005A36E3 /* VirtualObjectInteraction.swift */; };
		04A80AFF2399BAAA005A36E3 /* FocusSquareSegment.swift in Sources */ = {isa = PBXBuildFile; fileRef = 04A80AFD2399BAAA005A36E3 /* FocusSquareSegment.swift */; };
		04A80B002399BAAA005A36E3 /* FocusSquare.swift in Sources */ = {isa = PBXBuildFile; fileRef = 04A80AFE2399BAAA005A36E3 /* FocusSquare.swift */; };
		04A80B032399BAB0005A36E3 /* VirtualObjectLoader.swift in Sources */ = {isa = PBXBuildFile; fileRef = 04A80B012399BAB0005A36E3 /* VirtualObjectLoader.swift */; };
		04A80B042399BAB0005A36E3 /* VirtualObject.swift in Sources */ = {isa = PBXBuildFile; fileRef = 04A80B022399BAB0005A36E3 /* VirtualObject.swift */; };
		04A80B082399BAB6005A36E3 /* StatusViewController.swift in Sources */ = {isa = PBXBuildFile; fileRef = 04A80B062399BAB6005A36E3 /* StatusViewController.swift */; };
		04A80B0A2399BFFE005A36E3 /* UIStoryboard+RetrievingVCs.swift in Sources */ = {isa = PBXBuildFile; fileRef = 04A80B092399BFFE005A36E3 /* UIStoryboard+RetrievingVCs.swift */; };
		04A80B0C2399C040005A36E3 /* UIStoryboard+InstantiateViewController.swift in Sources */ = {isa = PBXBuildFile; fileRef = 04A80B0B2399C040005A36E3 /* UIStoryboard+InstantiateViewController.swift */; };
		04CD9940239807310016E002 /* String+ApproximateWidth.swift in Sources */ = {isa = PBXBuildFile; fileRef = 04CD993F239807310016E002 /* String+ApproximateWidth.swift */; };
		04CD994C239807470016E002 /* UIImage+Gif.swift in Sources */ = {isa = PBXBuildFile; fileRef = 04CD9945239807470016E002 /* UIImage+Gif.swift */; };
		04CD9957239815860016E002 /* URLConstructable.swift in Sources */ = {isa = PBXBuildFile; fileRef = 04CD9951239815860016E002 /* URLConstructable.swift */; };
		04CD9958239815860016E002 /* NetworkingServer.swift in Sources */ = {isa = PBXBuildFile; fileRef = 04CD9952239815860016E002 /* NetworkingServer.swift */; };
		04CD9959239815860016E002 /* RequestPerformable.swift in Sources */ = {isa = PBXBuildFile; fileRef = 04CD9953239815860016E002 /* RequestPerformable.swift */; };
		04CD995A239815860016E002 /* NetworkingConfigurations.swift in Sources */ = {isa = PBXBuildFile; fileRef = 04CD9954239815860016E002 /* NetworkingConfigurations.swift */; };
		04CD995B239815860016E002 /* HTTPMethod.swift in Sources */ = {isa = PBXBuildFile; fileRef = 04CD9955239815860016E002 /* HTTPMethod.swift */; };
		04CD995C239815860016E002 /* NetworkingError.swift in Sources */ = {isa = PBXBuildFile; fileRef = 04CD9956239815860016E002 /* NetworkingError.swift */; };
		04CD99652398188B0016E002 /* Anchor.swift in Sources */ = {isa = PBXBuildFile; fileRef = 04CD99612398188B0016E002 /* Anchor.swift */; };
		04CD99662398188B0016E002 /* Helpers.swift in Sources */ = {isa = PBXBuildFile; fileRef = 04CD99622398188B0016E002 /* Helpers.swift */; };
		04CD99672398188B0016E002 /* LayoutEnums.swift in Sources */ = {isa = PBXBuildFile; fileRef = 04CD99632398188B0016E002 /* LayoutEnums.swift */; };
		04CD99682398188B0016E002 /* Layout.swift in Sources */ = {isa = PBXBuildFile; fileRef = 04CD99642398188B0016E002 /* Layout.swift */; };
		04CD996B239819620016E002 /* HTTPURLResponse+IsStatusCodeInOkRange.swift in Sources */ = {isa = PBXBuildFile; fileRef = 04CD9969239819620016E002 /* HTTPURLResponse+IsStatusCodeInOkRange.swift */; };
		04CD996C239819620016E002 /* URLRequest+HTTPMethod.swift in Sources */ = {isa = PBXBuildFile; fileRef = 04CD996A239819620016E002 /* URLRequest+HTTPMethod.swift */; };
		04CD996F23985F010016E002 /* GoogleService-Info.plist in Resources */ = {isa = PBXBuildFile; fileRef = 04CD996E23985F010016E002 /* GoogleService-Info.plist */; };
		04CD9971239861400016E002 /* Image.swift in Sources */ = {isa = PBXBuildFile; fileRef = 04CD9970239861400016E002 /* Image.swift */; };
		8A84F2778C4B633556DA5E28 /* Pods_FurnitureARTests.framework in Frameworks */ = {isa = PBXBuildFile; fileRef = 70AEA2AFAAD30DC8981EC8D1 /* Pods_FurnitureARTests.framework */; };
		AA2503F35083805B11F059D3 /* Pods_FurnitureAR_FurnitureARUITests.framework in Frameworks */ = {isa = PBXBuildFile; fileRef = 2AD753E175E06B3E60AF7A74 /* Pods_FurnitureAR_FurnitureARUITests.framework */; };
		DDC2F99185F13CCE9E3F445C /* Pods_FurnitureAR.framework in Frameworks */ = {isa = PBXBuildFile; fileRef = D913F3E2D22BD6E7F3CFF97F /* Pods_FurnitureAR.framework */; };
/* End PBXBuildFile section */

/* Begin PBXContainerItemProxy section */
		040D59A12397FDD6002B5FA4 /* PBXContainerItemProxy */ = {
			isa = PBXContainerItemProxy;
			containerPortal = 040D597F2397FDD5002B5FA4 /* Project object */;
			proxyType = 1;
			remoteGlobalIDString = 040D59862397FDD5002B5FA4;
			remoteInfo = FurnitureAR;
		};
		040D59AC2397FDD6002B5FA4 /* PBXContainerItemProxy */ = {
			isa = PBXContainerItemProxy;
			containerPortal = 040D597F2397FDD5002B5FA4 /* Project object */;
			proxyType = 1;
			remoteGlobalIDString = 040D59862397FDD5002B5FA4;
			remoteInfo = FurnitureAR;
		};
/* End PBXContainerItemProxy section */

/* Begin PBXFileReference section */
		040D59872397FDD5002B5FA4 /* FurnitureAR.app */ = {isa = PBXFileReference; explicitFileType = wrapper.application; includeInIndex = 0; path = FurnitureAR.app; sourceTree = BUILT_PRODUCTS_DIR; };
		040D598A2397FDD5002B5FA4 /* AppDelegate.swift */ = {isa = PBXFileReference; lastKnownFileType = sourcecode.swift; path = AppDelegate.swift; sourceTree = "<group>"; };
		040D59942397FDD5002B5FA4 /* FurnitureAR.xcdatamodel */ = {isa = PBXFileReference; lastKnownFileType = wrapper.xcdatamodel; path = FurnitureAR.xcdatamodel; sourceTree = "<group>"; };
		040D59962397FDD6002B5FA4 /* Assets.xcassets */ = {isa = PBXFileReference; lastKnownFileType = folder.assetcatalog; path = Assets.xcassets; sourceTree = "<group>"; };
		040D59992397FDD6002B5FA4 /* Base */ = {isa = PBXFileReference; lastKnownFileType = file.storyboard; name = Base; path = Base.lproj/LaunchScreen.storyboard; sourceTree = "<group>"; };
		040D599B2397FDD6002B5FA4 /* Info.plist */ = {isa = PBXFileReference; lastKnownFileType = text.plist.xml; path = Info.plist; sourceTree = "<group>"; };
		040D59A02397FDD6002B5FA4 /* FurnitureARTests.xctest */ = {isa = PBXFileReference; explicitFileType = wrapper.cfbundle; includeInIndex = 0; path = FurnitureARTests.xctest; sourceTree = BUILT_PRODUCTS_DIR; };
		040D59A42397FDD6002B5FA4 /* FurnitureARTests.swift */ = {isa = PBXFileReference; lastKnownFileType = sourcecode.swift; path = FurnitureARTests.swift; sourceTree = "<group>"; };
		040D59A62397FDD6002B5FA4 /* Info.plist */ = {isa = PBXFileReference; lastKnownFileType = text.plist.xml; path = Info.plist; sourceTree = "<group>"; };
		040D59AB2397FDD6002B5FA4 /* FurnitureARUITests.xctest */ = {isa = PBXFileReference; explicitFileType = wrapper.cfbundle; includeInIndex = 0; path = FurnitureARUITests.xctest; sourceTree = BUILT_PRODUCTS_DIR; };
		040D59AF2397FDD6002B5FA4 /* FurnitureARUITests.swift */ = {isa = PBXFileReference; lastKnownFileType = sourcecode.swift; path = FurnitureARUITests.swift; sourceTree = "<group>"; };
		040D59B12397FDD6002B5FA4 /* Info.plist */ = {isa = PBXFileReference; lastKnownFileType = text.plist.xml; path = Info.plist; sourceTree = "<group>"; };
		045E9433239ACBE4005441D6 /* Collection+HasElements.swift */ = {isa = PBXFileReference; lastKnownFileType = sourcecode.swift; path = "Collection+HasElements.swift"; sourceTree = "<group>"; };
		045E9436239AD7CE005441D6 /* Float4x4+Translation.swift */ = {isa = PBXFileReference; lastKnownFileType = sourcecode.swift; path = "Float4x4+Translation.swift"; sourceTree = "<group>"; };
		045E9438239AD80C005441D6 /* CGPoint+Vector.swift */ = {isa = PBXFileReference; lastKnownFileType = sourcecode.swift; path = "CGPoint+Vector.swift"; sourceTree = "<group>"; };
		045E943E239AD909005441D6 /* UIGestureRecognizer+Center.swift */ = {isa = PBXFileReference; lastKnownFileType = sourcecode.swift; path = "UIGestureRecognizer+Center.swift"; sourceTree = "<group>"; };
		045E9442239ADAA1005441D6 /* Furniture.storyboard */ = {isa = PBXFileReference; lastKnownFileType = file.storyboard; path = Furniture.storyboard; sourceTree = "<group>"; };
		045E9444239ADB5E005441D6 /* FurnitureListViewController.swift */ = {isa = PBXFileReference; lastKnownFileType = sourcecode.swift; path = FurnitureListViewController.swift; sourceTree = "<group>"; };
		045E9447239AE3B3005441D6 /* Firestore.swift */ = {isa = PBXFileReference; lastKnownFileType = sourcecode.swift; path = Firestore.swift; sourceTree = "<group>"; };
		045E944A239AE496005441D6 /* FurnitureService.swift */ = {isa = PBXFileReference; lastKnownFileType = sourcecode.swift; path = FurnitureService.swift; sourceTree = "<group>"; };
		045E944C239AEE19005441D6 /* Furniture.swift */ = {isa = PBXFileReference; lastKnownFileType = sourcecode.swift; path = Furniture.swift; sourceTree = "<group>"; };
		045E944E239AF2AC005441D6 /* FurnitureListTableView.swift */ = {isa = PBXFileReference; lastKnownFileType = sourcecode.swift; path = FurnitureListTableView.swift; sourceTree = "<group>"; };
		045E9452239AF4AB005441D6 /* CellReuseHelper.swift */ = {isa = PBXFileReference; fileEncoding = 4; lastKnownFileType = sourcecode.swift; path = CellReuseHelper.swift; sourceTree = "<group>"; };
		045E9454239AF4B4005441D6 /* LoadingImageView.swift */ = {isa = PBXFileReference; fileEncoding = 4; lastKnownFileType = sourcecode.swift; path = LoadingImageView.swift; sourceTree = "<group>"; };
		045E9456239AF7DA005441D6 /* Array+LastElementIndex.swift */ = {isa = PBXFileReference; fileEncoding = 4; lastKnownFileType = sourcecode.swift; path = "Array+LastElementIndex.swift"; sourceTree = "<group>"; };
		045E9458239AFB07005441D6 /* FurnitureTableViewCell.swift */ = {isa = PBXFileReference; lastKnownFileType = sourcecode.swift; path = FurnitureTableViewCell.swift; sourceTree = "<group>"; };
		045E945A239AFB16005441D6 /* FurnitureTableViewCell.xib */ = {isa = PBXFileReference; lastKnownFileType = file.xib; path = FurnitureTableViewCell.xib; sourceTree = "<group>"; };
		04A80AC22399B6D1005A36E3 /* Models.scnassets */ = {isa = PBXFileReference; lastKnownFileType = wrapper.scnassets; path = Models.scnassets; sourceTree = "<group>"; };
		04A80AC42399B76E005A36E3 /* AR.storyboard */ = {isa = PBXFileReference; lastKnownFileType = file.storyboard; path = AR.storyboard; sourceTree = "<group>"; };
		04A80AC72399B7B8005A36E3 /* ARViewController+ARSCNViewDelegate.swift */ = {isa = PBXFileReference; fileEncoding = 4; lastKnownFileType = sourcecode.swift; path = "ARViewController+ARSCNViewDelegate.swift"; sourceTree = "<group>"; };
		04A80AC82399B7B8005A36E3 /* ThresholdPanGesture.swift */ = {isa = PBXFileReference; fileEncoding = 4; lastKnownFileType = sourcecode.swift; path = ThresholdPanGesture.swift; sourceTree = "<group>"; };
		04A80AC92399B7B8005A36E3 /* ARViewController+CoachingOverlay.swift */ = {isa = PBXFileReference; fileEncoding = 4; lastKnownFileType = sourcecode.swift; path = "ARViewController+CoachingOverlay.swift"; sourceTree = "<group>"; };
		04A80ACA2399B7B8005A36E3 /* ARViewController+Actions.swift */ = {isa = PBXFileReference; fileEncoding = 4; lastKnownFileType = sourcecode.swift; path = "ARViewController+Actions.swift"; sourceTree = "<group>"; };
		04A80ACB2399B7B8005A36E3 /* ARViewController+ObjectSelection.swift */ = {isa = PBXFileReference; fileEncoding = 4; lastKnownFileType = sourcecode.swift; path = "ARViewController+ObjectSelection.swift"; sourceTree = "<group>"; };
		04A80ACC2399B7B9005A36E3 /* VirtualObjectARView.swift */ = {isa = PBXFileReference; fileEncoding = 4; lastKnownFileType = sourcecode.swift; path = VirtualObjectARView.swift; sourceTree = "<group>"; };
		04A80ACD2399B7B9005A36E3 /* ARViewController.swift */ = {isa = PBXFileReference; fileEncoding = 4; lastKnownFileType = sourcecode.swift; path = ARViewController.swift; sourceTree = "<group>"; };
		04A80ACE2399B7B9005A36E3 /* VirtualObjectInteraction.swift */ = {isa = PBXFileReference; fileEncoding = 4; lastKnownFileType = sourcecode.swift; path = VirtualObjectInteraction.swift; sourceTree = "<group>"; };
		04A80AFD2399BAAA005A36E3 /* FocusSquareSegment.swift */ = {isa = PBXFileReference; fileEncoding = 4; lastKnownFileType = sourcecode.swift; path = FocusSquareSegment.swift; sourceTree = "<group>"; };
		04A80AFE2399BAAA005A36E3 /* FocusSquare.swift */ = {isa = PBXFileReference; fileEncoding = 4; lastKnownFileType = sourcecode.swift; path = FocusSquare.swift; sourceTree = "<group>"; };
		04A80B012399BAB0005A36E3 /* VirtualObjectLoader.swift */ = {isa = PBXFileReference; fileEncoding = 4; lastKnownFileType = sourcecode.swift; path = VirtualObjectLoader.swift; sourceTree = "<group>"; };
		04A80B022399BAB0005A36E3 /* VirtualObject.swift */ = {isa = PBXFileReference; fileEncoding = 4; lastKnownFileType = sourcecode.swift; path = VirtualObject.swift; sourceTree = "<group>"; };
		04A80B062399BAB6005A36E3 /* StatusViewController.swift */ = {isa = PBXFileReference; fileEncoding = 4; lastKnownFileType = sourcecode.swift; path = StatusViewController.swift; sourceTree = "<group>"; };
		04A80B092399BFFE005A36E3 /* UIStoryboard+RetrievingVCs.swift */ = {isa = PBXFileReference; fileEncoding = 4; lastKnownFileType = sourcecode.swift; path = "UIStoryboard+RetrievingVCs.swift"; sourceTree = "<group>"; };
		04A80B0B2399C040005A36E3 /* UIStoryboard+InstantiateViewController.swift */ = {isa = PBXFileReference; fileEncoding = 4; lastKnownFileType = sourcecode.swift; path = "UIStoryboard+InstantiateViewController.swift"; sourceTree = "<group>"; };
		04CD993F239807310016E002 /* String+ApproximateWidth.swift */ = {isa = PBXFileReference; fileEncoding = 4; lastKnownFileType = sourcecode.swift; path = "String+ApproximateWidth.swift"; sourceTree = "<group>"; };
		04CD9945239807470016E002 /* UIImage+Gif.swift */ = {isa = PBXFileReference; fileEncoding = 4; lastKnownFileType = sourcecode.swift; path = "UIImage+Gif.swift"; sourceTree = "<group>"; };
		04CD9951239815860016E002 /* URLConstructable.swift */ = {isa = PBXFileReference; fileEncoding = 4; lastKnownFileType = sourcecode.swift; path = URLConstructable.swift; sourceTree = "<group>"; };
		04CD9952239815860016E002 /* NetworkingServer.swift */ = {isa = PBXFileReference; fileEncoding = 4; lastKnownFileType = sourcecode.swift; path = NetworkingServer.swift; sourceTree = "<group>"; };
		04CD9953239815860016E002 /* RequestPerformable.swift */ = {isa = PBXFileReference; fileEncoding = 4; lastKnownFileType = sourcecode.swift; path = RequestPerformable.swift; sourceTree = "<group>"; };
		04CD9954239815860016E002 /* NetworkingConfigurations.swift */ = {isa = PBXFileReference; fileEncoding = 4; lastKnownFileType = sourcecode.swift; path = NetworkingConfigurations.swift; sourceTree = "<group>"; };
		04CD9955239815860016E002 /* HTTPMethod.swift */ = {isa = PBXFileReference; fileEncoding = 4; lastKnownFileType = sourcecode.swift; path = HTTPMethod.swift; sourceTree = "<group>"; };
		04CD9956239815860016E002 /* NetworkingError.swift */ = {isa = PBXFileReference; fileEncoding = 4; lastKnownFileType = sourcecode.swift; path = NetworkingError.swift; sourceTree = "<group>"; };
		04CD99612398188B0016E002 /* Anchor.swift */ = {isa = PBXFileReference; fileEncoding = 4; lastKnownFileType = sourcecode.swift; path = Anchor.swift; sourceTree = "<group>"; };
		04CD99622398188B0016E002 /* Helpers.swift */ = {isa = PBXFileReference; fileEncoding = 4; lastKnownFileType = sourcecode.swift; path = Helpers.swift; sourceTree = "<group>"; };
		04CD99632398188B0016E002 /* LayoutEnums.swift */ = {isa = PBXFileReference; fileEncoding = 4; lastKnownFileType = sourcecode.swift; path = LayoutEnums.swift; sourceTree = "<group>"; };
		04CD99642398188B0016E002 /* Layout.swift */ = {isa = PBXFileReference; fileEncoding = 4; lastKnownFileType = sourcecode.swift; path = Layout.swift; sourceTree = "<group>"; };
		04CD9969239819620016E002 /* HTTPURLResponse+IsStatusCodeInOkRange.swift */ = {isa = PBXFileReference; fileEncoding = 4; lastKnownFileType = sourcecode.swift; path = "HTTPURLResponse+IsStatusCodeInOkRange.swift"; sourceTree = "<group>"; };
		04CD996A239819620016E002 /* URLRequest+HTTPMethod.swift */ = {isa = PBXFileReference; fileEncoding = 4; lastKnownFileType = sourcecode.swift; path = "URLRequest+HTTPMethod.swift"; sourceTree = "<group>"; };
		04CD996E23985F010016E002 /* GoogleService-Info.plist */ = {isa = PBXFileReference; fileEncoding = 4; lastKnownFileType = text.plist.xml; path = "GoogleService-Info.plist"; sourceTree = "<group>"; };
		04CD9970239861400016E002 /* Image.swift */ = {isa = PBXFileReference; lastKnownFileType = sourcecode.swift; path = Image.swift; sourceTree = "<group>"; };
		2AD753E175E06B3E60AF7A74 /* Pods_FurnitureAR_FurnitureARUITests.framework */ = {isa = PBXFileReference; explicitFileType = wrapper.framework; includeInIndex = 0; path = Pods_FurnitureAR_FurnitureARUITests.framework; sourceTree = BUILT_PRODUCTS_DIR; };
		33822514748E7F845F53B7C8 /* Pods-FurnitureARTests.debug.xcconfig */ = {isa = PBXFileReference; includeInIndex = 1; lastKnownFileType = text.xcconfig; name = "Pods-FurnitureARTests.debug.xcconfig"; path = "Target Support Files/Pods-FurnitureARTests/Pods-FurnitureARTests.debug.xcconfig"; sourceTree = "<group>"; };
		3843495668B2E421D87CB7B2 /* Pods-FurnitureAR-FurnitureARUITests.release.xcconfig */ = {isa = PBXFileReference; includeInIndex = 1; lastKnownFileType = text.xcconfig; name = "Pods-FurnitureAR-FurnitureARUITests.release.xcconfig"; path = "Target Support Files/Pods-FurnitureAR-FurnitureARUITests/Pods-FurnitureAR-FurnitureARUITests.release.xcconfig"; sourceTree = "<group>"; };
		5D4DA291B4AB71AD6D6227B4 /* Pods-FurnitureAR-FurnitureARUITests.debug.xcconfig */ = {isa = PBXFileReference; includeInIndex = 1; lastKnownFileType = text.xcconfig; name = "Pods-FurnitureAR-FurnitureARUITests.debug.xcconfig"; path = "Target Support Files/Pods-FurnitureAR-FurnitureARUITests/Pods-FurnitureAR-FurnitureARUITests.debug.xcconfig"; sourceTree = "<group>"; };
		70AEA2AFAAD30DC8981EC8D1 /* Pods_FurnitureARTests.framework */ = {isa = PBXFileReference; explicitFileType = wrapper.framework; includeInIndex = 0; path = Pods_FurnitureARTests.framework; sourceTree = BUILT_PRODUCTS_DIR; };
		9405F669D8FAAD9B5B677D30 /* Pods-FurnitureAR.release.xcconfig */ = {isa = PBXFileReference; includeInIndex = 1; lastKnownFileType = text.xcconfig; name = "Pods-FurnitureAR.release.xcconfig"; path = "Target Support Files/Pods-FurnitureAR/Pods-FurnitureAR.release.xcconfig"; sourceTree = "<group>"; };
		B1EC24A47F8EF0A43BA51373 /* Pods-FurnitureARTests.release.xcconfig */ = {isa = PBXFileReference; includeInIndex = 1; lastKnownFileType = text.xcconfig; name = "Pods-FurnitureARTests.release.xcconfig"; path = "Target Support Files/Pods-FurnitureARTests/Pods-FurnitureARTests.release.xcconfig"; sourceTree = "<group>"; };
		D913F3E2D22BD6E7F3CFF97F /* Pods_FurnitureAR.framework */ = {isa = PBXFileReference; explicitFileType = wrapper.framework; includeInIndex = 0; path = Pods_FurnitureAR.framework; sourceTree = BUILT_PRODUCTS_DIR; };
		E94002E646ECF3A2BDD69310 /* Pods-FurnitureAR.debug.xcconfig */ = {isa = PBXFileReference; includeInIndex = 1; lastKnownFileType = text.xcconfig; name = "Pods-FurnitureAR.debug.xcconfig"; path = "Target Support Files/Pods-FurnitureAR/Pods-FurnitureAR.debug.xcconfig"; sourceTree = "<group>"; };
/* End PBXFileReference section */

/* Begin PBXFrameworksBuildPhase section */
		040D59842397FDD5002B5FA4 /* Frameworks */ = {
			isa = PBXFrameworksBuildPhase;
			buildActionMask = 2147483647;
			files = (
				DDC2F99185F13CCE9E3F445C /* Pods_FurnitureAR.framework in Frameworks */,
			);
			runOnlyForDeploymentPostprocessing = 0;
		};
		040D599D2397FDD6002B5FA4 /* Frameworks */ = {
			isa = PBXFrameworksBuildPhase;
			buildActionMask = 2147483647;
			files = (
				8A84F2778C4B633556DA5E28 /* Pods_FurnitureARTests.framework in Frameworks */,
			);
			runOnlyForDeploymentPostprocessing = 0;
		};
		040D59A82397FDD6002B5FA4 /* Frameworks */ = {
			isa = PBXFrameworksBuildPhase;
			buildActionMask = 2147483647;
			files = (
				AA2503F35083805B11F059D3 /* Pods_FurnitureAR_FurnitureARUITests.framework in Frameworks */,
			);
			runOnlyForDeploymentPostprocessing = 0;
		};
/* End PBXFrameworksBuildPhase section */

/* Begin PBXGroup section */
		040D597E2397FDD5002B5FA4 = {
			isa = PBXGroup;
			children = (
				040D59892397FDD5002B5FA4 /* FurnitureAR */,
				040D59A32397FDD6002B5FA4 /* FurnitureARTests */,
				040D59AE2397FDD6002B5FA4 /* FurnitureARUITests */,
				040D59882397FDD5002B5FA4 /* Products */,
				36594975AF2965A52EF1A878 /* Pods */,
				C5EEF56C5685698D5EA8DF31 /* Frameworks */,
			);
			sourceTree = "<group>";
		};
		040D59882397FDD5002B5FA4 /* Products */ = {
			isa = PBXGroup;
			children = (
				040D59872397FDD5002B5FA4 /* FurnitureAR.app */,
				040D59A02397FDD6002B5FA4 /* FurnitureARTests.xctest */,
				040D59AB2397FDD6002B5FA4 /* FurnitureARUITests.xctest */,
			);
			name = Products;
			sourceTree = "<group>";
		};
		040D59892397FDD5002B5FA4 /* FurnitureAR */ = {
			isa = PBXGroup;
			children = (
				040D59BD2397FE43002B5FA4 /* Flow */,
				045E9435239AD77B005441D6 /* UI */,
				040D59BE2397FE4D002B5FA4 /* Core */,
				040D59BF2397FE70002B5FA4 /* Resources */,
			);
			path = FurnitureAR;
			sourceTree = "<group>";
		};
		040D59A32397FDD6002B5FA4 /* FurnitureARTests */ = {
			isa = PBXGroup;
			children = (
				040D59A42397FDD6002B5FA4 /* FurnitureARTests.swift */,
				040D59A62397FDD6002B5FA4 /* Info.plist */,
			);
			path = FurnitureARTests;
			sourceTree = "<group>";
		};
		040D59AE2397FDD6002B5FA4 /* FurnitureARUITests */ = {
			isa = PBXGroup;
			children = (
				040D59AF2397FDD6002B5FA4 /* FurnitureARUITests.swift */,
				040D59B12397FDD6002B5FA4 /* Info.plist */,
			);
			path = FurnitureARUITests;
			sourceTree = "<group>";
		};
		040D59BD2397FE43002B5FA4 /* Flow */ = {
			isa = PBXGroup;
			children = (
				045E9441239ADA1D005441D6 /* Furniture */,
				04A80AC62399B7A9005A36E3 /* AR */,
			);
			path = Flow;
			sourceTree = "<group>";
		};
		040D59BE2397FE4D002B5FA4 /* Core */ = {
			isa = PBXGroup;
			children = (
				040D598A2397FDD5002B5FA4 /* AppDelegate.swift */,
				045E9449239AE45A005441D6 /* Services */,
				04CD995F239818740016E002 /* Helpers */,
				04CD993E239806B70016E002 /* Extensions */,
				04CD9950239815760016E002 /* Networking */,
			);
			path = Core;
			sourceTree = "<group>";
		};
		040D59BF2397FE70002B5FA4 /* Resources */ = {
			isa = PBXGroup;
			children = (
				04A80AC22399B6D1005A36E3 /* Models.scnassets */,
				040D59962397FDD6002B5FA4 /* Assets.xcassets */,
				040D59982397FDD6002B5FA4 /* LaunchScreen.storyboard */,
				040D599B2397FDD6002B5FA4 /* Info.plist */,
				04CD996E23985F010016E002 /* GoogleService-Info.plist */,
				040D59932397FDD5002B5FA4 /* FurnitureAR.xcdatamodeld */,
			);
			path = Resources;
			sourceTree = "<group>";
		};
		045E9435239AD77B005441D6 /* UI */ = {
			isa = PBXGroup;
			children = (
				045E9454239AF4B4005441D6 /* LoadingImageView.swift */,
				04A80AC82399B7B8005A36E3 /* ThresholdPanGesture.swift */,
				045E943B239AD84D005441D6 /* AR */,
			);
			path = UI;
			sourceTree = "<group>";
		};
		045E943A239AD83D005441D6 /* AR */ = {
			isa = PBXGroup;
			children = (
				045E9438239AD80C005441D6 /* CGPoint+Vector.swift */,
				045E9436239AD7CE005441D6 /* Float4x4+Translation.swift */,
			);
			path = AR;
			sourceTree = "<group>";
		};
		045E943B239AD84D005441D6 /* AR */ = {
			isa = PBXGroup;
			children = (
				04A80ACC2399B7B9005A36E3 /* VirtualObjectARView.swift */,
				04A80AFB2399BA8C005A36E3 /* FocusSquare */,
			);
			path = AR;
			sourceTree = "<group>";
		};
		045E943C239AD86C005441D6 /* Foundation */ = {
			isa = PBXGroup;
			children = (
				04CD993F239807310016E002 /* String+ApproximateWidth.swift */,
				045E9433239ACBE4005441D6 /* Collection+HasElements.swift */,
				045E9456239AF7DA005441D6 /* Array+LastElementIndex.swift */,
			);
			path = Foundation;
			sourceTree = "<group>";
		};
		045E943D239AD87A005441D6 /* UIKit */ = {
			isa = PBXGroup;
			children = (
				04A80B092399BFFE005A36E3 /* UIStoryboard+RetrievingVCs.swift */,
				04A80B0B2399C040005A36E3 /* UIStoryboard+InstantiateViewController.swift */,
				045E943E239AD909005441D6 /* UIGestureRecognizer+Center.swift */,
				04CD9945239807470016E002 /* UIImage+Gif.swift */,
			);
			path = UIKit;
			sourceTree = "<group>";
		};
		045E9441239ADA1D005441D6 /* Furniture */ = {
			isa = PBXGroup;
			children = (
				045E9442239ADAA1005441D6 /* Furniture.storyboard */,
				045E9444239ADB5E005441D6 /* FurnitureListViewController.swift */,
				045E944E239AF2AC005441D6 /* FurnitureListTableView.swift */,
				045E945A239AFB16005441D6 /* FurnitureTableViewCell.xib */,
				045E9458239AFB07005441D6 /* FurnitureTableViewCell.swift */,
				045E944C239AEE19005441D6 /* Furniture.swift */,
			);
			path = Furniture;
			sourceTree = "<group>";
		};
		045E9446239AE3A1005441D6 /* REST */ = {
			isa = PBXGroup;
			children = (
				04CD9952239815860016E002 /* NetworkingServer.swift */,
				04CD9954239815860016E002 /* NetworkingConfigurations.swift */,
				04CD9956239815860016E002 /* NetworkingError.swift */,
				04CD9955239815860016E002 /* HTTPMethod.swift */,
				04CD9951239815860016E002 /* URLConstructable.swift */,
				04CD9953239815860016E002 /* RequestPerformable.swift */,
			);
			path = REST;
			sourceTree = "<group>";
		};
		045E9449239AE45A005441D6 /* Services */ = {
			isa = PBXGroup;
			children = (
				045E944A239AE496005441D6 /* FurnitureService.swift */,
			);
			path = Services;
			sourceTree = "<group>";
		};
		04A80AC62399B7A9005A36E3 /* AR */ = {
			isa = PBXGroup;
			children = (
				04A80AC42399B76E005A36E3 /* AR.storyboard */,
				04A80ACD2399B7B9005A36E3 /* ARViewController.swift */,
				04A80ACA2399B7B8005A36E3 /* ARViewController+Actions.swift */,
				04A80AC72399B7B8005A36E3 /* ARViewController+ARSCNViewDelegate.swift */,
				04A80AC92399B7B8005A36E3 /* ARViewController+CoachingOverlay.swift */,
				04A80ACB2399B7B8005A36E3 /* ARViewController+ObjectSelection.swift */,
				04A80B062399BAB6005A36E3 /* StatusViewController.swift */,
				04A80ACE2399B7B9005A36E3 /* VirtualObjectInteraction.swift */,
			);
			path = AR;
			sourceTree = "<group>";
		};
		04A80AFB2399BA8C005A36E3 /* FocusSquare */ = {
			isa = PBXGroup;
			children = (
				04A80AFE2399BAAA005A36E3 /* FocusSquare.swift */,
				04A80AFD2399BAAA005A36E3 /* FocusSquareSegment.swift */,
			);
			path = FocusSquare;
			sourceTree = "<group>";
		};
		04A80AFC2399BA8E005A36E3 /* VirtualObjects */ = {
			isa = PBXGroup;
			children = (
				04A80B022399BAB0005A36E3 /* VirtualObject.swift */,
				04A80B012399BAB0005A36E3 /* VirtualObjectLoader.swift */,
			);
			path = VirtualObjects;
			sourceTree = "<group>";
		};
		04CD993E239806B70016E002 /* Extensions */ = {
			isa = PBXGroup;
			children = (
				045E943A239AD83D005441D6 /* AR */,
				045E943D239AD87A005441D6 /* UIKit */,
				045E943C239AD86C005441D6 /* Foundation */,
			);
			path = Extensions;
			sourceTree = "<group>";
		};
		04CD9950239815760016E002 /* Networking */ = {
			isa = PBXGroup;
			children = (
				045E9447239AE3B3005441D6 /* Firestore.swift */,
				045E9446239AE3A1005441D6 /* REST */,
				04CD996D2398196A0016E002 /* Extension */,
			);
			path = Networking;
			sourceTree = "<group>";
		};
		04CD995F239818740016E002 /* Helpers */ = {
			isa = PBXGroup;
			children = (
				045E9452239AF4AB005441D6 /* CellReuseHelper.swift */,
				04CD9970239861400016E002 /* Image.swift */,
				04A80AFC2399BA8E005A36E3 /* VirtualObjects */,
				04CD99602398188B0016E002 /* Layout */,
			);
			path = Helpers;
			sourceTree = "<group>";
		};
		04CD99602398188B0016E002 /* Layout */ = {
			isa = PBXGroup;
			children = (
				04CD99612398188B0016E002 /* Anchor.swift */,
				04CD99622398188B0016E002 /* Helpers.swift */,
				04CD99632398188B0016E002 /* LayoutEnums.swift */,
				04CD99642398188B0016E002 /* Layout.swift */,
			);
			path = Layout;
			sourceTree = "<group>";
		};
		04CD996D2398196A0016E002 /* Extension */ = {
			isa = PBXGroup;
			children = (
				04CD9969239819620016E002 /* HTTPURLResponse+IsStatusCodeInOkRange.swift */,
				04CD996A239819620016E002 /* URLRequest+HTTPMethod.swift */,
			);
			path = Extension;
			sourceTree = "<group>";
		};
		36594975AF2965A52EF1A878 /* Pods */ = {
			isa = PBXGroup;
			children = (
				E94002E646ECF3A2BDD69310 /* Pods-FurnitureAR.debug.xcconfig */,
				9405F669D8FAAD9B5B677D30 /* Pods-FurnitureAR.release.xcconfig */,
				5D4DA291B4AB71AD6D6227B4 /* Pods-FurnitureAR-FurnitureARUITests.debug.xcconfig */,
				3843495668B2E421D87CB7B2 /* Pods-FurnitureAR-FurnitureARUITests.release.xcconfig */,
				33822514748E7F845F53B7C8 /* Pods-FurnitureARTests.debug.xcconfig */,
				B1EC24A47F8EF0A43BA51373 /* Pods-FurnitureARTests.release.xcconfig */,
			);
			path = Pods;
			sourceTree = "<group>";
		};
		C5EEF56C5685698D5EA8DF31 /* Frameworks */ = {
			isa = PBXGroup;
			children = (
				D913F3E2D22BD6E7F3CFF97F /* Pods_FurnitureAR.framework */,
				2AD753E175E06B3E60AF7A74 /* Pods_FurnitureAR_FurnitureARUITests.framework */,
				70AEA2AFAAD30DC8981EC8D1 /* Pods_FurnitureARTests.framework */,
			);
			name = Frameworks;
			sourceTree = "<group>";
		};
/* End PBXGroup section */

/* Begin PBXNativeTarget section */
		040D59862397FDD5002B5FA4 /* FurnitureAR */ = {
			isa = PBXNativeTarget;
			buildConfigurationList = 040D59B42397FDD6002B5FA4 /* Build configuration list for PBXNativeTarget "FurnitureAR" */;
			buildPhases = (
				2293B3280291BFDE19AA92BC /* [CP] Check Pods Manifest.lock */,
				040D59832397FDD5002B5FA4 /* Sources */,
				040D59842397FDD5002B5FA4 /* Frameworks */,
				040D59852397FDD5002B5FA4 /* Resources */,
				A7603F1D91AB51AF303048B3 /* [CP] Embed Pods Frameworks */,
			);
			buildRules = (
			);
			dependencies = (
			);
			name = FurnitureAR;
			productName = FurnitureAR;
			productReference = 040D59872397FDD5002B5FA4 /* FurnitureAR.app */;
			productType = "com.apple.product-type.application";
		};
		040D599F2397FDD6002B5FA4 /* FurnitureARTests */ = {
			isa = PBXNativeTarget;
			buildConfigurationList = 040D59B72397FDD6002B5FA4 /* Build configuration list for PBXNativeTarget "FurnitureARTests" */;
			buildPhases = (
				C2E6C57F0F436A1968E64E4E /* [CP] Check Pods Manifest.lock */,
				040D599C2397FDD6002B5FA4 /* Sources */,
				040D599D2397FDD6002B5FA4 /* Frameworks */,
				040D599E2397FDD6002B5FA4 /* Resources */,
			);
			buildRules = (
			);
			dependencies = (
				040D59A22397FDD6002B5FA4 /* PBXTargetDependency */,
			);
			name = FurnitureARTests;
			productName = FurnitureARTests;
			productReference = 040D59A02397FDD6002B5FA4 /* FurnitureARTests.xctest */;
			productType = "com.apple.product-type.bundle.unit-test";
		};
		040D59AA2397FDD6002B5FA4 /* FurnitureARUITests */ = {
			isa = PBXNativeTarget;
			buildConfigurationList = 040D59BA2397FDD6002B5FA4 /* Build configuration list for PBXNativeTarget "FurnitureARUITests" */;
			buildPhases = (
				3E2CC49948E7FC8009FF2C50 /* [CP] Check Pods Manifest.lock */,
				040D59A72397FDD6002B5FA4 /* Sources */,
				040D59A82397FDD6002B5FA4 /* Frameworks */,
				040D59A92397FDD6002B5FA4 /* Resources */,
				BB8301C44F387137A55601BF /* [CP] Embed Pods Frameworks */,
			);
			buildRules = (
			);
			dependencies = (
				040D59AD2397FDD6002B5FA4 /* PBXTargetDependency */,
			);
			name = FurnitureARUITests;
			productName = FurnitureARUITests;
			productReference = 040D59AB2397FDD6002B5FA4 /* FurnitureARUITests.xctest */;
			productType = "com.apple.product-type.bundle.ui-testing";
		};
/* End PBXNativeTarget section */

/* Begin PBXProject section */
		040D597F2397FDD5002B5FA4 /* Project object */ = {
			isa = PBXProject;
			attributes = {
				LastSwiftUpdateCheck = 1110;
				LastUpgradeCheck = 1110;
				ORGANIZATIONNAME = "Orest Patlyka";
				TargetAttributes = {
					040D59862397FDD5002B5FA4 = {
						CreatedOnToolsVersion = 11.1;
					};
					040D599F2397FDD6002B5FA4 = {
						CreatedOnToolsVersion = 11.1;
						TestTargetID = 040D59862397FDD5002B5FA4;
					};
					040D59AA2397FDD6002B5FA4 = {
						CreatedOnToolsVersion = 11.1;
						TestTargetID = 040D59862397FDD5002B5FA4;
					};
				};
			};
			buildConfigurationList = 040D59822397FDD5002B5FA4 /* Build configuration list for PBXProject "FurnitureAR" */;
			compatibilityVersion = "Xcode 9.3";
			developmentRegion = en;
			hasScannedForEncodings = 0;
			knownRegions = (
				en,
				Base,
			);
			mainGroup = 040D597E2397FDD5002B5FA4;
			productRefGroup = 040D59882397FDD5002B5FA4 /* Products */;
			projectDirPath = "";
			projectRoot = "";
			targets = (
				040D59862397FDD5002B5FA4 /* FurnitureAR */,
				040D599F2397FDD6002B5FA4 /* FurnitureARTests */,
				040D59AA2397FDD6002B5FA4 /* FurnitureARUITests */,
			);
		};
/* End PBXProject section */

/* Begin PBXResourcesBuildPhase section */
		040D59852397FDD5002B5FA4 /* Resources */ = {
			isa = PBXResourcesBuildPhase;
			buildActionMask = 2147483647;
			files = (
				040D599A2397FDD6002B5FA4 /* LaunchScreen.storyboard in Resources */,
				045E9443239ADAA1005441D6 /* Furniture.storyboard in Resources */,
				045E945B239AFB16005441D6 /* FurnitureTableViewCell.xib in Resources */,
				04CD996F23985F010016E002 /* GoogleService-Info.plist in Resources */,
				040D59972397FDD6002B5FA4 /* Assets.xcassets in Resources */,
				04A80AC32399B6D1005A36E3 /* Models.scnassets in Resources */,
				04A80AC52399B76E005A36E3 /* AR.storyboard in Resources */,
			);
			runOnlyForDeploymentPostprocessing = 0;
		};
		040D599E2397FDD6002B5FA4 /* Resources */ = {
			isa = PBXResourcesBuildPhase;
			buildActionMask = 2147483647;
			files = (
			);
			runOnlyForDeploymentPostprocessing = 0;
		};
		040D59A92397FDD6002B5FA4 /* Resources */ = {
			isa = PBXResourcesBuildPhase;
			buildActionMask = 2147483647;
			files = (
			);
			runOnlyForDeploymentPostprocessing = 0;
		};
/* End PBXResourcesBuildPhase section */

/* Begin PBXShellScriptBuildPhase section */
		2293B3280291BFDE19AA92BC /* [CP] Check Pods Manifest.lock */ = {
			isa = PBXShellScriptBuildPhase;
			buildActionMask = 2147483647;
			files = (
			);
			inputFileListPaths = (
			);
			inputPaths = (
				"${PODS_PODFILE_DIR_PATH}/Podfile.lock",
				"${PODS_ROOT}/Manifest.lock",
			);
			name = "[CP] Check Pods Manifest.lock";
			outputFileListPaths = (
			);
			outputPaths = (
				"$(DERIVED_FILE_DIR)/Pods-FurnitureAR-checkManifestLockResult.txt",
			);
			runOnlyForDeploymentPostprocessing = 0;
			shellPath = /bin/sh;
			shellScript = "diff \"${PODS_PODFILE_DIR_PATH}/Podfile.lock\" \"${PODS_ROOT}/Manifest.lock\" > /dev/null\nif [ $? != 0 ] ; then\n    # print error to STDERR\n    echo \"error: The sandbox is not in sync with the Podfile.lock. Run 'pod install' or update your CocoaPods installation.\" >&2\n    exit 1\nfi\n# This output is used by Xcode 'outputs' to avoid re-running this script phase.\necho \"SUCCESS\" > \"${SCRIPT_OUTPUT_FILE_0}\"\n";
			showEnvVarsInLog = 0;
		};
		3E2CC49948E7FC8009FF2C50 /* [CP] Check Pods Manifest.lock */ = {
			isa = PBXShellScriptBuildPhase;
			buildActionMask = 2147483647;
			files = (
			);
			inputFileListPaths = (
			);
			inputPaths = (
				"${PODS_PODFILE_DIR_PATH}/Podfile.lock",
				"${PODS_ROOT}/Manifest.lock",
			);
			name = "[CP] Check Pods Manifest.lock";
			outputFileListPaths = (
			);
			outputPaths = (
				"$(DERIVED_FILE_DIR)/Pods-FurnitureAR-FurnitureARUITests-checkManifestLockResult.txt",
			);
			runOnlyForDeploymentPostprocessing = 0;
			shellPath = /bin/sh;
			shellScript = "diff \"${PODS_PODFILE_DIR_PATH}/Podfile.lock\" \"${PODS_ROOT}/Manifest.lock\" > /dev/null\nif [ $? != 0 ] ; then\n    # print error to STDERR\n    echo \"error: The sandbox is not in sync with the Podfile.lock. Run 'pod install' or update your CocoaPods installation.\" >&2\n    exit 1\nfi\n# This output is used by Xcode 'outputs' to avoid re-running this script phase.\necho \"SUCCESS\" > \"${SCRIPT_OUTPUT_FILE_0}\"\n";
			showEnvVarsInLog = 0;
		};
		A7603F1D91AB51AF303048B3 /* [CP] Embed Pods Frameworks */ = {
			isa = PBXShellScriptBuildPhase;
			buildActionMask = 2147483647;
			files = (
			);
			inputFileListPaths = (
				"${PODS_ROOT}/Target Support Files/Pods-FurnitureAR/Pods-FurnitureAR-frameworks-${CONFIGURATION}-input-files.xcfilelist",
			);
			name = "[CP] Embed Pods Frameworks";
			outputFileListPaths = (
				"${PODS_ROOT}/Target Support Files/Pods-FurnitureAR/Pods-FurnitureAR-frameworks-${CONFIGURATION}-output-files.xcfilelist",
			);
			runOnlyForDeploymentPostprocessing = 0;
			shellPath = /bin/sh;
			shellScript = "\"${PODS_ROOT}/Target Support Files/Pods-FurnitureAR/Pods-FurnitureAR-frameworks.sh\"\n";
			showEnvVarsInLog = 0;
		};
		BB8301C44F387137A55601BF /* [CP] Embed Pods Frameworks */ = {
			isa = PBXShellScriptBuildPhase;
			buildActionMask = 2147483647;
			files = (
			);
			inputFileListPaths = (
				"${PODS_ROOT}/Target Support Files/Pods-FurnitureAR-FurnitureARUITests/Pods-FurnitureAR-FurnitureARUITests-frameworks-${CONFIGURATION}-input-files.xcfilelist",
			);
			name = "[CP] Embed Pods Frameworks";
			outputFileListPaths = (
				"${PODS_ROOT}/Target Support Files/Pods-FurnitureAR-FurnitureARUITests/Pods-FurnitureAR-FurnitureARUITests-frameworks-${CONFIGURATION}-output-files.xcfilelist",
			);
			runOnlyForDeploymentPostprocessing = 0;
			shellPath = /bin/sh;
			shellScript = "\"${PODS_ROOT}/Target Support Files/Pods-FurnitureAR-FurnitureARUITests/Pods-FurnitureAR-FurnitureARUITests-frameworks.sh\"\n";
			showEnvVarsInLog = 0;
		};
		C2E6C57F0F436A1968E64E4E /* [CP] Check Pods Manifest.lock */ = {
			isa = PBXShellScriptBuildPhase;
			buildActionMask = 2147483647;
			files = (
			);
			inputFileListPaths = (
			);
			inputPaths = (
				"${PODS_PODFILE_DIR_PATH}/Podfile.lock",
				"${PODS_ROOT}/Manifest.lock",
			);
			name = "[CP] Check Pods Manifest.lock";
			outputFileListPaths = (
			);
			outputPaths = (
				"$(DERIVED_FILE_DIR)/Pods-FurnitureARTests-checkManifestLockResult.txt",
			);
			runOnlyForDeploymentPostprocessing = 0;
			shellPath = /bin/sh;
			shellScript = "diff \"${PODS_PODFILE_DIR_PATH}/Podfile.lock\" \"${PODS_ROOT}/Manifest.lock\" > /dev/null\nif [ $? != 0 ] ; then\n    # print error to STDERR\n    echo \"error: The sandbox is not in sync with the Podfile.lock. Run 'pod install' or update your CocoaPods installation.\" >&2\n    exit 1\nfi\n# This output is used by Xcode 'outputs' to avoid re-running this script phase.\necho \"SUCCESS\" > \"${SCRIPT_OUTPUT_FILE_0}\"\n";
			showEnvVarsInLog = 0;
		};
/* End PBXShellScriptBuildPhase section */

/* Begin PBXSourcesBuildPhase section */
		040D59832397FDD5002B5FA4 /* Sources */ = {
			isa = PBXSourcesBuildPhase;
			buildActionMask = 2147483647;
			files = (
				045E9437239AD7CE005441D6 /* Float4x4+Translation.swift in Sources */,
				045E944F239AF2AC005441D6 /* FurnitureListTableView.swift in Sources */,
				04CD99662398188B0016E002 /* Helpers.swift in Sources */,
				045E9439239AD80C005441D6 /* CGPoint+Vector.swift in Sources */,
				04CD9959239815860016E002 /* RequestPerformable.swift in Sources */,
				04CD996B239819620016E002 /* HTTPURLResponse+IsStatusCodeInOkRange.swift in Sources */,
				04A80AD62399B7B9005A36E3 /* VirtualObjectInteraction.swift in Sources */,
				04A80ACF2399B7B9005A36E3 /* ARViewController+ARSCNViewDelegate.swift in Sources */,
				045E9448239AE3B3005441D6 /* Firestore.swift in Sources */,
				045E9434239ACBE4005441D6 /* Collection+HasElements.swift in Sources */,
				045E943F239AD909005441D6 /* UIGestureRecognizer+Center.swift in Sources */,
				04A80B042399BAB0005A36E3 /* VirtualObject.swift in Sources */,
				04A80B0A2399BFFE005A36E3 /* UIStoryboard+RetrievingVCs.swift in Sources */,
				04CD995C239815860016E002 /* NetworkingError.swift in Sources */,
				045E9459239AFB07005441D6 /* FurnitureTableViewCell.swift in Sources */,
				04CD99652398188B0016E002 /* Anchor.swift in Sources */,
				045E944B239AE496005441D6 /* FurnitureService.swift in Sources */,
				040D598B2397FDD5002B5FA4 /* AppDelegate.swift in Sources */,
				04A80AD22399B7B9005A36E3 /* ARViewController+Actions.swift in Sources */,
				045E9453239AF4AB005441D6 /* CellReuseHelper.swift in Sources */,
				04CD9940239807310016E002 /* String+ApproximateWidth.swift in Sources */,
				04A80AD42399B7B9005A36E3 /* VirtualObjectARView.swift in Sources */,
				04A80AD52399B7B9005A36E3 /* ARViewController.swift in Sources */,
				04CD99682398188B0016E002 /* Layout.swift in Sources */,
				04CD99672398188B0016E002 /* LayoutEnums.swift in Sources */,
				045E944D239AEE19005441D6 /* Furniture.swift in Sources */,
				04A80B082399BAB6005A36E3 /* StatusViewController.swift in Sources */,
				04A80B032399BAB0005A36E3 /* VirtualObjectLoader.swift in Sources */,
				045E9445239ADB5E005441D6 /* FurnitureListViewController.swift in Sources */,
				04A80AD02399B7B9005A36E3 /* ThresholdPanGesture.swift in Sources */,
				04A80AD32399B7B9005A36E3 /* ARViewController+ObjectSelection.swift in Sources */,
				04CD9958239815860016E002 /* NetworkingServer.swift in Sources */,
				04CD9957239815860016E002 /* URLConstructable.swift in Sources */,
				04CD996C239819620016E002 /* URLRequest+HTTPMethod.swift in Sources */,
				04CD9971239861400016E002 /* Image.swift in Sources */,
				04CD995B239815860016E002 /* HTTPMethod.swift in Sources */,
				04CD995A239815860016E002 /* NetworkingConfigurations.swift in Sources */,
				04A80B002399BAAA005A36E3 /* FocusSquare.swift in Sources */,
				045E9455239AF4B4005441D6 /* LoadingImageView.swift in Sources */,
				04A80AFF2399BAAA005A36E3 /* FocusSquareSegment.swift in Sources */,
				040D59952397FDD5002B5FA4 /* FurnitureAR.xcdatamodeld in Sources */,
				04CD994C239807470016E002 /* UIImage+Gif.swift in Sources */,
				04A80AD12399B7B9005A36E3 /* ARViewController+CoachingOverlay.swift in Sources */,
				04A80B0C2399C040005A36E3 /* UIStoryboard+InstantiateViewController.swift in Sources */,
				045E9457239AF7DA005441D6 /* Array+LastElementIndex.swift in Sources */,
			);
			runOnlyForDeploymentPostprocessing = 0;
		};
		040D599C2397FDD6002B5FA4 /* Sources */ = {
			isa = PBXSourcesBuildPhase;
			buildActionMask = 2147483647;
			files = (
				040D59A52397FDD6002B5FA4 /* FurnitureARTests.swift in Sources */,
			);
			runOnlyForDeploymentPostprocessing = 0;
		};
		040D59A72397FDD6002B5FA4 /* Sources */ = {
			isa = PBXSourcesBuildPhase;
			buildActionMask = 2147483647;
			files = (
				040D59B02397FDD6002B5FA4 /* FurnitureARUITests.swift in Sources */,
			);
			runOnlyForDeploymentPostprocessing = 0;
		};
/* End PBXSourcesBuildPhase section */

/* Begin PBXTargetDependency section */
		040D59A22397FDD6002B5FA4 /* PBXTargetDependency */ = {
			isa = PBXTargetDependency;
			target = 040D59862397FDD5002B5FA4 /* FurnitureAR */;
			targetProxy = 040D59A12397FDD6002B5FA4 /* PBXContainerItemProxy */;
		};
		040D59AD2397FDD6002B5FA4 /* PBXTargetDependency */ = {
			isa = PBXTargetDependency;
			target = 040D59862397FDD5002B5FA4 /* FurnitureAR */;
			targetProxy = 040D59AC2397FDD6002B5FA4 /* PBXContainerItemProxy */;
		};
/* End PBXTargetDependency section */

/* Begin PBXVariantGroup section */
		040D59982397FDD6002B5FA4 /* LaunchScreen.storyboard */ = {
			isa = PBXVariantGroup;
			children = (
				040D59992397FDD6002B5FA4 /* Base */,
			);
			name = LaunchScreen.storyboard;
			sourceTree = "<group>";
		};
/* End PBXVariantGroup section */

/* Begin XCBuildConfiguration section */
		040D59B22397FDD6002B5FA4 /* Debug */ = {
			isa = XCBuildConfiguration;
			buildSettings = {
				ALWAYS_SEARCH_USER_PATHS = NO;
				CLANG_ANALYZER_NONNULL = YES;
				CLANG_ANALYZER_NUMBER_OBJECT_CONVERSION = YES_AGGRESSIVE;
				CLANG_CXX_LANGUAGE_STANDARD = "gnu++14";
				CLANG_CXX_LIBRARY = "libc++";
				CLANG_ENABLE_MODULES = YES;
				CLANG_ENABLE_OBJC_ARC = YES;
				CLANG_ENABLE_OBJC_WEAK = YES;
				CLANG_WARN_BLOCK_CAPTURE_AUTORELEASING = YES;
				CLANG_WARN_BOOL_CONVERSION = YES;
				CLANG_WARN_COMMA = YES;
				CLANG_WARN_CONSTANT_CONVERSION = YES;
				CLANG_WARN_DEPRECATED_OBJC_IMPLEMENTATIONS = YES;
				CLANG_WARN_DIRECT_OBJC_ISA_USAGE = YES_ERROR;
				CLANG_WARN_DOCUMENTATION_COMMENTS = YES;
				CLANG_WARN_EMPTY_BODY = YES;
				CLANG_WARN_ENUM_CONVERSION = YES;
				CLANG_WARN_INFINITE_RECURSION = YES;
				CLANG_WARN_INT_CONVERSION = YES;
				CLANG_WARN_NON_LITERAL_NULL_CONVERSION = YES;
				CLANG_WARN_OBJC_IMPLICIT_RETAIN_SELF = YES;
				CLANG_WARN_OBJC_LITERAL_CONVERSION = YES;
				CLANG_WARN_OBJC_ROOT_CLASS = YES_ERROR;
				CLANG_WARN_RANGE_LOOP_ANALYSIS = YES;
				CLANG_WARN_STRICT_PROTOTYPES = YES;
				CLANG_WARN_SUSPICIOUS_MOVE = YES;
				CLANG_WARN_UNGUARDED_AVAILABILITY = YES_AGGRESSIVE;
				CLANG_WARN_UNREACHABLE_CODE = YES;
				CLANG_WARN__DUPLICATE_METHOD_MATCH = YES;
				COPY_PHASE_STRIP = NO;
				DEBUG_INFORMATION_FORMAT = dwarf;
				ENABLE_STRICT_OBJC_MSGSEND = YES;
				ENABLE_TESTABILITY = YES;
				GCC_C_LANGUAGE_STANDARD = gnu11;
				GCC_DYNAMIC_NO_PIC = NO;
				GCC_NO_COMMON_BLOCKS = YES;
				GCC_OPTIMIZATION_LEVEL = 0;
				GCC_PREPROCESSOR_DEFINITIONS = (
					"DEBUG=1",
					"$(inherited)",
				);
				GCC_WARN_64_TO_32_BIT_CONVERSION = YES;
				GCC_WARN_ABOUT_RETURN_TYPE = YES_ERROR;
				GCC_WARN_UNDECLARED_SELECTOR = YES;
				GCC_WARN_UNINITIALIZED_AUTOS = YES_AGGRESSIVE;
				GCC_WARN_UNUSED_FUNCTION = YES;
				GCC_WARN_UNUSED_VARIABLE = YES;
				IPHONEOS_DEPLOYMENT_TARGET = 13.1;
				MTL_ENABLE_DEBUG_INFO = INCLUDE_SOURCE;
				MTL_FAST_MATH = YES;
				ONLY_ACTIVE_ARCH = YES;
				SDKROOT = iphoneos;
				SWIFT_ACTIVE_COMPILATION_CONDITIONS = DEBUG;
				SWIFT_OPTIMIZATION_LEVEL = "-Onone";
			};
			name = Debug;
		};
		040D59B32397FDD6002B5FA4 /* Release */ = {
			isa = XCBuildConfiguration;
			buildSettings = {
				ALWAYS_SEARCH_USER_PATHS = NO;
				CLANG_ANALYZER_NONNULL = YES;
				CLANG_ANALYZER_NUMBER_OBJECT_CONVERSION = YES_AGGRESSIVE;
				CLANG_CXX_LANGUAGE_STANDARD = "gnu++14";
				CLANG_CXX_LIBRARY = "libc++";
				CLANG_ENABLE_MODULES = YES;
				CLANG_ENABLE_OBJC_ARC = YES;
				CLANG_ENABLE_OBJC_WEAK = YES;
				CLANG_WARN_BLOCK_CAPTURE_AUTORELEASING = YES;
				CLANG_WARN_BOOL_CONVERSION = YES;
				CLANG_WARN_COMMA = YES;
				CLANG_WARN_CONSTANT_CONVERSION = YES;
				CLANG_WARN_DEPRECATED_OBJC_IMPLEMENTATIONS = YES;
				CLANG_WARN_DIRECT_OBJC_ISA_USAGE = YES_ERROR;
				CLANG_WARN_DOCUMENTATION_COMMENTS = YES;
				CLANG_WARN_EMPTY_BODY = YES;
				CLANG_WARN_ENUM_CONVERSION = YES;
				CLANG_WARN_INFINITE_RECURSION = YES;
				CLANG_WARN_INT_CONVERSION = YES;
				CLANG_WARN_NON_LITERAL_NULL_CONVERSION = YES;
				CLANG_WARN_OBJC_IMPLICIT_RETAIN_SELF = YES;
				CLANG_WARN_OBJC_LITERAL_CONVERSION = YES;
				CLANG_WARN_OBJC_ROOT_CLASS = YES_ERROR;
				CLANG_WARN_RANGE_LOOP_ANALYSIS = YES;
				CLANG_WARN_STRICT_PROTOTYPES = YES;
				CLANG_WARN_SUSPICIOUS_MOVE = YES;
				CLANG_WARN_UNGUARDED_AVAILABILITY = YES_AGGRESSIVE;
				CLANG_WARN_UNREACHABLE_CODE = YES;
				CLANG_WARN__DUPLICATE_METHOD_MATCH = YES;
				COPY_PHASE_STRIP = NO;
				DEBUG_INFORMATION_FORMAT = "dwarf-with-dsym";
				ENABLE_NS_ASSERTIONS = NO;
				ENABLE_STRICT_OBJC_MSGSEND = YES;
				GCC_C_LANGUAGE_STANDARD = gnu11;
				GCC_NO_COMMON_BLOCKS = YES;
				GCC_WARN_64_TO_32_BIT_CONVERSION = YES;
				GCC_WARN_ABOUT_RETURN_TYPE = YES_ERROR;
				GCC_WARN_UNDECLARED_SELECTOR = YES;
				GCC_WARN_UNINITIALIZED_AUTOS = YES_AGGRESSIVE;
				GCC_WARN_UNUSED_FUNCTION = YES;
				GCC_WARN_UNUSED_VARIABLE = YES;
				IPHONEOS_DEPLOYMENT_TARGET = 13.1;
				MTL_ENABLE_DEBUG_INFO = NO;
				MTL_FAST_MATH = YES;
				SDKROOT = iphoneos;
				SWIFT_COMPILATION_MODE = wholemodule;
				SWIFT_OPTIMIZATION_LEVEL = "-O";
				VALIDATE_PRODUCT = YES;
			};
			name = Release;
		};
		040D59B52397FDD6002B5FA4 /* Debug */ = {
			isa = XCBuildConfiguration;
			baseConfigurationReference = E94002E646ECF3A2BDD69310 /* Pods-FurnitureAR.debug.xcconfig */;
			buildSettings = {
				ASSETCATALOG_COMPILER_APPICON_NAME = AppIcon;
				CODE_SIGN_STYLE = Automatic;
				DEVELOPMENT_TEAM = 354DS94RY8;
				INFOPLIST_FILE = "$(SRCROOT)/FurnitureAR/Resources/Info.plist";
				IPHONEOS_DEPLOYMENT_TARGET = 13.0;
				LD_RUNPATH_SEARCH_PATHS = (
					"$(inherited)",
					"@executable_path/Frameworks",
				);
				PRODUCT_BUNDLE_IDENTIFIER = com.oapps.FurnitureAR;
				PRODUCT_NAME = "$(TARGET_NAME)";
				SWIFT_VERSION = 5.0;
				TARGETED_DEVICE_FAMILY = 1;
			};
			name = Debug;
		};
		040D59B62397FDD6002B5FA4 /* Release */ = {
			isa = XCBuildConfiguration;
			baseConfigurationReference = 9405F669D8FAAD9B5B677D30 /* Pods-FurnitureAR.release.xcconfig */;
			buildSettings = {
				ASSETCATALOG_COMPILER_APPICON_NAME = AppIcon;
				CODE_SIGN_STYLE = Automatic;
				DEVELOPMENT_TEAM = 354DS94RY8;
				INFOPLIST_FILE = "$(SRCROOT)/FurnitureAR/Resources/Info.plist";
				IPHONEOS_DEPLOYMENT_TARGET = 13.0;
				LD_RUNPATH_SEARCH_PATHS = (
					"$(inherited)",
					"@executable_path/Frameworks",
				);
				PRODUCT_BUNDLE_IDENTIFIER = com.oapps.FurnitureAR;
				PRODUCT_NAME = "$(TARGET_NAME)";
				SWIFT_VERSION = 5.0;
				TARGETED_DEVICE_FAMILY = 1;
			};
			name = Release;
		};
		040D59B82397FDD6002B5FA4 /* Debug */ = {
			isa = XCBuildConfiguration;
			baseConfigurationReference = 33822514748E7F845F53B7C8 /* Pods-FurnitureARTests.debug.xcconfig */;
			buildSettings = {
				ALWAYS_EMBED_SWIFT_STANDARD_LIBRARIES = YES;
				BUNDLE_LOADER = "$(TEST_HOST)";
				CODE_SIGN_STYLE = Automatic;
				DEVELOPMENT_TEAM = 354DS94RY8;
				INFOPLIST_FILE = FurnitureARTests/Info.plist;
				IPHONEOS_DEPLOYMENT_TARGET = 13.1;
				LD_RUNPATH_SEARCH_PATHS = (
					"$(inherited)",
					"@executable_path/Frameworks",
					"@loader_path/Frameworks",
				);
				PRODUCT_BUNDLE_IDENTIFIER = com.oapps.FurnitureARTests;
				PRODUCT_NAME = "$(TARGET_NAME)";
				SWIFT_VERSION = 5.0;
				TARGETED_DEVICE_FAMILY = "1,2";
				TEST_HOST = "$(BUILT_PRODUCTS_DIR)/FurnitureAR.app/FurnitureAR";
			};
			name = Debug;
		};
		040D59B92397FDD6002B5FA4 /* Release */ = {
			isa = XCBuildConfiguration;
			baseConfigurationReference = B1EC24A47F8EF0A43BA51373 /* Pods-FurnitureARTests.release.xcconfig */;
			buildSettings = {
				ALWAYS_EMBED_SWIFT_STANDARD_LIBRARIES = YES;
				BUNDLE_LOADER = "$(TEST_HOST)";
				CODE_SIGN_STYLE = Automatic;
				DEVELOPMENT_TEAM = 354DS94RY8;
				INFOPLIST_FILE = FurnitureARTests/Info.plist;
				IPHONEOS_DEPLOYMENT_TARGET = 13.1;
				LD_RUNPATH_SEARCH_PATHS = (
					"$(inherited)",
					"@executable_path/Frameworks",
					"@loader_path/Frameworks",
				);
				PRODUCT_BUNDLE_IDENTIFIER = com.oapps.FurnitureARTests;
				PRODUCT_NAME = "$(TARGET_NAME)";
				SWIFT_VERSION = 5.0;
				TARGETED_DEVICE_FAMILY = "1,2";
				TEST_HOST = "$(BUILT_PRODUCTS_DIR)/FurnitureAR.app/FurnitureAR";
			};
			name = Release;
		};
		040D59BB2397FDD6002B5FA4 /* Debug */ = {
			isa = XCBuildConfiguration;
			baseConfigurationReference = 5D4DA291B4AB71AD6D6227B4 /* Pods-FurnitureAR-FurnitureARUITests.debug.xcconfig */;
			buildSettings = {
				ALWAYS_EMBED_SWIFT_STANDARD_LIBRARIES = YES;
				CODE_SIGN_STYLE = Automatic;
				DEVELOPMENT_TEAM = 354DS94RY8;
				INFOPLIST_FILE = FurnitureARUITests/Info.plist;
				LD_RUNPATH_SEARCH_PATHS = (
					"$(inherited)",
					"@executable_path/Frameworks",
					"@loader_path/Frameworks",
				);
				PRODUCT_BUNDLE_IDENTIFIER = com.oapps.FurnitureARUITests;
				PRODUCT_NAME = "$(TARGET_NAME)";
				SWIFT_VERSION = 5.0;
				TARGETED_DEVICE_FAMILY = "1,2";
				TEST_TARGET_NAME = FurnitureAR;
			};
			name = Debug;
		};
		040D59BC2397FDD6002B5FA4 /* Release */ = {
			isa = XCBuildConfiguration;
			baseConfigurationReference = 3843495668B2E421D87CB7B2 /* Pods-FurnitureAR-FurnitureARUITests.release.xcconfig */;
			buildSettings = {
				ALWAYS_EMBED_SWIFT_STANDARD_LIBRARIES = YES;
				CODE_SIGN_STYLE = Automatic;
				DEVELOPMENT_TEAM = 354DS94RY8;
				INFOPLIST_FILE = FurnitureARUITests/Info.plist;
				LD_RUNPATH_SEARCH_PATHS = (
					"$(inherited)",
					"@executable_path/Frameworks",
					"@loader_path/Frameworks",
				);
				PRODUCT_BUNDLE_IDENTIFIER = com.oapps.FurnitureARUITests;
				PRODUCT_NAME = "$(TARGET_NAME)";
				SWIFT_VERSION = 5.0;
				TARGETED_DEVICE_FAMILY = "1,2";
				TEST_TARGET_NAME = FurnitureAR;
			};
			name = Release;
		};
/* End XCBuildConfiguration section */

/* Begin XCConfigurationList section */
		040D59822397FDD5002B5FA4 /* Build configuration list for PBXProject "FurnitureAR" */ = {
			isa = XCConfigurationList;
			buildConfigurations = (
				040D59B22397FDD6002B5FA4 /* Debug */,
				040D59B32397FDD6002B5FA4 /* Release */,
			);
			defaultConfigurationIsVisible = 0;
			defaultConfigurationName = Release;
		};
		040D59B42397FDD6002B5FA4 /* Build configuration list for PBXNativeTarget "FurnitureAR" */ = {
			isa = XCConfigurationList;
			buildConfigurations = (
				040D59B52397FDD6002B5FA4 /* Debug */,
				040D59B62397FDD6002B5FA4 /* Release */,
			);
			defaultConfigurationIsVisible = 0;
			defaultConfigurationName = Release;
		};
		040D59B72397FDD6002B5FA4 /* Build configuration list for PBXNativeTarget "FurnitureARTests" */ = {
			isa = XCConfigurationList;
			buildConfigurations = (
				040D59B82397FDD6002B5FA4 /* Debug */,
				040D59B92397FDD6002B5FA4 /* Release */,
			);
			defaultConfigurationIsVisible = 0;
			defaultConfigurationName = Release;
		};
		040D59BA2397FDD6002B5FA4 /* Build configuration list for PBXNativeTarget "FurnitureARUITests" */ = {
			isa = XCConfigurationList;
			buildConfigurations = (
				040D59BB2397FDD6002B5FA4 /* Debug */,
				040D59BC2397FDD6002B5FA4 /* Release */,
			);
			defaultConfigurationIsVisible = 0;
			defaultConfigurationName = Release;
		};
/* End XCConfigurationList section */

/* Begin XCVersionGroup section */
		040D59932397FDD5002B5FA4 /* FurnitureAR.xcdatamodeld */ = {
			isa = XCVersionGroup;
			children = (
				040D59942397FDD5002B5FA4 /* FurnitureAR.xcdatamodel */,
			);
			currentVersion = 040D59942397FDD5002B5FA4 /* FurnitureAR.xcdatamodel */;
			path = FurnitureAR.xcdatamodeld;
			sourceTree = "<group>";
			versionGroupType = wrapper.xcdatamodel;
		};
/* End XCVersionGroup section */
	};
	rootObject = 040D597F2397FDD5002B5FA4 /* Project object */;
}
